
Microsoft Visual Studio Solution File, Format Version 12.00
# Visual Studio 14
VisualStudioVersion = 14.0.25029.0
MinimumVisualStudioVersion = 10.0.40219.1
Project("{FAE04EC0-301F-11D3-BF4B-00C04F79EFBC}") = "PokemonGoDesktop.Unity.HTTP", "src\PokemonGoDesktop.Unity.HTTP\PokemonGoDesktop.Unity.HTTP.csproj", "{B7229D09-996D-4DDE-A60C-99E76CC817F7}"
EndProject
Project("{2150E333-8FDC-42A3-9474-1A3956D46DE8}") = "src", "src", "{DD592D6C-44E7-4348-A2C1-C5367DE42B78}"
EndProject
Project("{FAE04EC0-301F-11D3-BF4B-00C04F79EFBC}") = "PokemonGoDesktop.Unity.HTTP.RestSharp", "src\PokemonGoDesktop.Unity.HTTP.RestSharp\PokemonGoDesktop.Unity.HTTP.RestSharp.csproj", "{CCEF1FEC-3A0A-44E3-A719-BDAD5E82E99B}"
EndProject
Project("{2150E333-8FDC-42A3-9474-1A3956D46DE8}") = "tests", "tests", "{59797FCF-FF7B-499E-AF0F-AACBD3514B30}"
EndProject
Project("{FAE04EC0-301F-11D3-BF4B-00C04F79EFBC}") = "PokemonGoDesktop.Unity.HTTP.RestSharp.Tests", "tests\PokemonGoDesktop.Unity.HTTP.RestSharp.Tests\PokemonGoDesktop.Unity.HTTP.RestSharp.Tests.csproj", "{1B15AFA3-DA16-4C15-AB93-E2C1048E0943}"
EndProject
Project("{FAE04EC0-301F-11D3-BF4B-00C04F79EFBC}") = "PokemonGoDesktop.Unity.Common", "src\PokemonGoDesktop.Unity.Common\PokemonGoDesktop.Unity.Common.csproj", "{CC0CFF4C-D811-45FD-9215-92626A43C4BF}"
EndProject
Project("{FAE04EC0-301F-11D3-BF4B-00C04F79EFBC}") = "PokemonGoDesktop.Unity.IoC", "src\PokemonGoDesktop.Unity.IoC\PokemonGoDesktop.Unity.IoC.csproj", "{29ED6ECF-BB2A-4A14-8E33-E1BF5FF63976}"
EndProject
Project("{FAE04EC0-301F-11D3-BF4B-00C04F79EFBC}") = "PokemonGoDesktop.Unity.Client", "src\PokemonGoDesktop.Unity.Client\PokemonGoDesktop.Unity.Client.csproj", "{3490CB88-B181-492C-9029-D71FB7A26C35}"
EndProject
Project("{FAE04EC0-301F-11D3-BF4B-00C04F79EFBC}") = "PokemonGoDesktop.Unity.Exceptions", "src\PokemonGoDesktop.Unity.Exceptions\PokemonGoDesktop.Unity.Exceptions.csproj", "{8CD98B0B-23F6-4686-8743-A2FAA784D270}"
EndProject
Project("{FAE04EC0-301F-11D3-BF4B-00C04F79EFBC}") = "PokemonGoDesktop.Unity.UI", "src\PokemonGoDesktop.Unity.UI\PokemonGoDesktop.Unity.UI.csproj", "{4386B5C3-76B8-456E-98A7-E62C3837C213}"
EndProject
Global
	GlobalSection(SolutionConfigurationPlatforms) = preSolution
		Debug|Any CPU = Debug|Any CPU
		Release|Any CPU = Release|Any CPU
	EndGlobalSection
	GlobalSection(ProjectConfigurationPlatforms) = postSolution
		{B7229D09-996D-4DDE-A60C-99E76CC817F7}.Debug|Any CPU.ActiveCfg = Debug|Any CPU
		{B7229D09-996D-4DDE-A60C-99E76CC817F7}.Debug|Any CPU.Build.0 = Debug|Any CPU
		{B7229D09-996D-4DDE-A60C-99E76CC817F7}.Release|Any CPU.ActiveCfg = Release|Any CPU
		{B7229D09-996D-4DDE-A60C-99E76CC817F7}.Release|Any CPU.Build.0 = Release|Any CPU
		{CCEF1FEC-3A0A-44E3-A719-BDAD5E82E99B}.Debug|Any CPU.ActiveCfg = Debug|Any CPU
		{CCEF1FEC-3A0A-44E3-A719-BDAD5E82E99B}.Debug|Any CPU.Build.0 = Debug|Any CPU
		{CCEF1FEC-3A0A-44E3-A719-BDAD5E82E99B}.Release|Any CPU.ActiveCfg = Release|Any CPU
		{CCEF1FEC-3A0A-44E3-A719-BDAD5E82E99B}.Release|Any CPU.Build.0 = Release|Any CPU
		{1B15AFA3-DA16-4C15-AB93-E2C1048E0943}.Debug|Any CPU.ActiveCfg = Debug|Any CPU
		{1B15AFA3-DA16-4C15-AB93-E2C1048E0943}.Debug|Any CPU.Build.0 = Debug|Any CPU
		{1B15AFA3-DA16-4C15-AB93-E2C1048E0943}.Release|Any CPU.ActiveCfg = Release|Any CPU
		{1B15AFA3-DA16-4C15-AB93-E2C1048E0943}.Release|Any CPU.Build.0 = Release|Any CPU
		{CC0CFF4C-D811-45FD-9215-92626A43C4BF}.Debug|Any CPU.ActiveCfg = Debug|Any CPU
		{CC0CFF4C-D811-45FD-9215-92626A43C4BF}.Debug|Any CPU.Build.0 = Debug|Any CPU
		{CC0CFF4C-D811-45FD-9215-92626A43C4BF}.Release|Any CPU.ActiveCfg = Release|Any CPU
		{CC0CFF4C-D811-45FD-9215-92626A43C4BF}.Release|Any CPU.Build.0 = Release|Any CPU
		{29ED6ECF-BB2A-4A14-8E33-E1BF5FF63976}.Debug|Any CPU.ActiveCfg = Debug|Any CPU
		{29ED6ECF-BB2A-4A14-8E33-E1BF5FF63976}.Debug|Any CPU.Build.0 = Debug|Any CPU
		{29ED6ECF-BB2A-4A14-8E33-E1BF5FF63976}.Release|Any CPU.ActiveCfg = Release|Any CPU
		{29ED6ECF-BB2A-4A14-8E33-E1BF5FF63976}.Release|Any CPU.Build.0 = Release|Any CPU
		{3490CB88-B181-492C-9029-D71FB7A26C35}.Debug|Any CPU.ActiveCfg = Debug|Any CPU
		{3490CB88-B181-492C-9029-D71FB7A26C35}.Debug|Any CPU.Build.0 = Debug|Any CPU
		{3490CB88-B181-492C-9029-D71FB7A26C35}.Release|Any CPU.ActiveCfg = Release|Any CPU
		{3490CB88-B181-492C-9029-D71FB7A26C35}.Release|Any CPU.Build.0 = Release|Any CPU
		{8CD98B0B-23F6-4686-8743-A2FAA784D270}.Debug|Any CPU.ActiveCfg = Debug|Any CPU
		{8CD98B0B-23F6-4686-8743-A2FAA784D270}.Debug|Any CPU.Build.0 = Debug|Any CPU
		{8CD98B0B-23F6-4686-8743-A2FAA784D270}.Release|Any CPU.ActiveCfg = Release|Any CPU
		{8CD98B0B-23F6-4686-8743-A2FAA784D270}.Release|Any CPU.Build.0 = Release|Any CPU
		{4386B5C3-76B8-456E-98A7-E62C3837C213}.Debug|Any CPU.ActiveCfg = Debug|Any CPU
		{4386B5C3-76B8-456E-98A7-E62C3837C213}.Debug|Any CPU.Build.0 = Debug|Any CPU
		{4386B5C3-76B8-456E-98A7-E62C3837C213}.Release|Any CPU.ActiveCfg = Release|Any CPU
		{4386B5C3-76B8-456E-98A7-E62C3837C213}.Release|Any CPU.Build.0 = Release|Any CPU
	EndGlobalSection
	GlobalSection(SolutionProperties) = preSolution
		HideSolutionNode = FALSE
	EndGlobalSection
	GlobalSection(NestedProjects) = preSolution
		{B7229D09-996D-4DDE-A60C-99E76CC817F7} = {DD592D6C-44E7-4348-A2C1-C5367DE42B78}
		{CCEF1FEC-3A0A-44E3-A719-BDAD5E82E99B} = {DD592D6C-44E7-4348-A2C1-C5367DE42B78}
		{1B15AFA3-DA16-4C15-AB93-E2C1048E0943} = {59797FCF-FF7B-499E-AF0F-AACBD3514B30}
		{CC0CFF4C-D811-45FD-9215-92626A43C4BF} = {DD592D6C-44E7-4348-A2C1-C5367DE42B78}
		{29ED6ECF-BB2A-4A14-8E33-E1BF5FF63976} = {DD592D6C-44E7-4348-A2C1-C5367DE42B78}
		{3490CB88-B181-492C-9029-D71FB7A26C35} = {DD592D6C-44E7-4348-A2C1-C5367DE42B78}
		{8CD98B0B-23F6-4686-8743-A2FAA784D270} = {DD592D6C-44E7-4348-A2C1-C5367DE42B78}
		{4386B5C3-76B8-456E-98A7-E62C3837C213} = {DD592D6C-44E7-4348-A2C1-C5367DE42B78}
	EndGlobalSection
EndGlobal
