
Microsoft Visual Studio Solution File, Format Version 12.00
# Visual Studio 14
VisualStudioVersion = 14.0.25029.0
MinimumVisualStudioVersion = 10.0.40219.1
Project("{FAE04EC0-301F-11D3-BF4B-00C04F79EFBC}") = "PokemonGoDesktop.Unity.HTTP", "src\PokemonGoDesktop.Unity.HTTP\PokemonGoDesktop.Unity.HTTP.csproj", "{B7229D09-996D-4DDE-A60C-99E76CC817F7}"
EndProject
Project("{2150E333-8FDC-42A3-9474-1A3956D46DE8}") = "src", "src", "{DD592D6C-44E7-4348-A2C1-C5367DE42B78}"
EndProject
Project("{FAE04EC0-301F-11D3-BF4B-00C04F79EFBC}") = "PokemonGoDesktop.Unity.HTTP.RestSharp", "src\PokemonGoDesktop.Unity.HTTP.RestSharp\PokemonGoDesktop.Unity.HTTP.RestSharp.csproj", "{CCEF1FEC-3A0A-44E3-A719-BDAD5E82E99B}"
EndProject
Global
	GlobalSection(SolutionConfigurationPlatforms) = preSolution
		Debug|Any CPU = Debug|Any CPU
		Release|Any CPU = Release|Any CPU
	EndGlobalSection
	GlobalSection(ProjectConfigurationPlatforms) = postSolution
		{B7229D09-996D-4DDE-A60C-99E76CC817F7}.Debug|Any CPU.ActiveCfg = Debug|Any CPU
		{B7229D09-996D-4DDE-A60C-99E76CC817F7}.Debug|Any CPU.Build.0 = Debug|Any CPU
		{B7229D09-996D-4DDE-A60C-99E76CC817F7}.Release|Any CPU.ActiveCfg = Release|Any CPU
		{B7229D09-996D-4DDE-A60C-99E76CC817F7}.Release|Any CPU.Build.0 = Release|Any CPU
		{CCEF1FEC-3A0A-44E3-A719-BDAD5E82E99B}.Debug|Any CPU.ActiveCfg = Debug|Any CPU
		{CCEF1FEC-3A0A-44E3-A719-BDAD5E82E99B}.Debug|Any CPU.Build.0 = Debug|Any CPU
		{CCEF1FEC-3A0A-44E3-A719-BDAD5E82E99B}.Release|Any CPU.ActiveCfg = Release|Any CPU
		{CCEF1FEC-3A0A-44E3-A719-BDAD5E82E99B}.Release|Any CPU.Build.0 = Release|Any CPU
	EndGlobalSection
	GlobalSection(SolutionProperties) = preSolution
		HideSolutionNode = FALSE
	EndGlobalSection
	GlobalSection(NestedProjects) = preSolution
		{B7229D09-996D-4DDE-A60C-99E76CC817F7} = {DD592D6C-44E7-4348-A2C1-C5367DE42B78}
		{CCEF1FEC-3A0A-44E3-A719-BDAD5E82E99B} = {DD592D6C-44E7-4348-A2C1-C5367DE42B78}
	EndGlobalSection
EndGlobal
